
Microsoft Visual Studio Solution File, Format Version 12.00
# Visual Studio Version 17
VisualStudioVersion = 17.11.35303.130
MinimumVisualStudioVersion = 10.0.40219.1
Project("{9A19103F-16F7-4668-BE54-9A1E7A4F7556}") = "LearningCSharp", "LearningCSharp\LearningCSharp.csproj", "{27C17CF4-7754-4FAC-913D-D592D8E04225}"
EndProject
Global
	GlobalSection(SolutionConfigurationPlatforms) = preSolution
		Debug|Any CPU = Debug|Any CPU
		Release|Any CPU = Release|Any CPU
	EndGlobalSection
	GlobalSection(ProjectConfigurationPlatforms) = postSolution
		{27C17CF4-7754-4FAC-913D-D592D8E04225}.Debug|Any CPU.ActiveCfg = Debug|Any CPU
		{27C17CF4-7754-4FAC-913D-D592D8E04225}.Debug|Any CPU.Build.0 = Debug|Any CPU
		{27C17CF4-7754-4FAC-913D-D592D8E04225}.Release|Any CPU.ActiveCfg = Release|Any CPU
		{27C17CF4-7754-4FAC-913D-D592D8E04225}.Release|Any CPU.Build.0 = Release|Any CPU
	EndGlobalSection
	GlobalSection(SolutionProperties) = preSolution
		HideSolutionNode = FALSE
	EndGlobalSection
	GlobalSection(ExtensibilityGlobals) = postSolution
		SolutionGuid = {2A1F5E6E-D975-40BB-A2AC-D269E414A8E2}
	EndGlobalSection
EndGlobal
